// !$*UTF8*$!
{
	archiveVersion = 1;
	classes = {
	};
	objectVersion = 56;
	objects = {

/* Begin PBXBuildFile section */
		3FB032CF2BD6273A0029FABE /* AppDelegate.swift in Sources */ = {isa = PBXBuildFile; fileRef = 3FB032CE2BD6273A0029FABE /* AppDelegate.swift */; };
		3FB032D12BD6273A0029FABE /* SceneDelegate.swift in Sources */ = {isa = PBXBuildFile; fileRef = 3FB032D02BD6273A0029FABE /* SceneDelegate.swift */; };
		3FB032D32BD6273A0029FABE /* ViewController.swift in Sources */ = {isa = PBXBuildFile; fileRef = 3FB032D22BD6273A0029FABE /* ViewController.swift */; };
		3FB032D62BD6273A0029FABE /* Base in Resources */ = {isa = PBXBuildFile; fileRef = 3FB032D52BD6273A0029FABE /* Base */; };
		3FB032D82BD6273C0029FABE /* Assets.xcassets in Resources */ = {isa = PBXBuildFile; fileRef = 3FB032D72BD6273C0029FABE /* Assets.xcassets */; };
		3FB032DB2BD6273C0029FABE /* Base in Resources */ = {isa = PBXBuildFile; fileRef = 3FB032DA2BD6273C0029FABE /* Base */; };
		3FB032E62BD6273C0029FABE /* CalendarTests.swift in Sources */ = {isa = PBXBuildFile; fileRef = 3FB032E52BD6273C0029FABE /* CalendarTests.swift */; };
		3FB032F02BD6273C0029FABE /* CalendarUITests.swift in Sources */ = {isa = PBXBuildFile; fileRef = 3FB032EF2BD6273C0029FABE /* CalendarUITests.swift */; };
		3FB032F22BD6273C0029FABE /* CalendarUITestsLaunchTests.swift in Sources */ = {isa = PBXBuildFile; fileRef = 3FB032F12BD6273C0029FABE /* CalendarUITestsLaunchTests.swift */; };
/* End PBXBuildFile section */

/* Begin PBXContainerItemProxy section */
		3FB032E22BD6273C0029FABE /* PBXContainerItemProxy */ = {
			isa = PBXContainerItemProxy;
			containerPortal = 3FB032C32BD6273A0029FABE /* Project object */;
			proxyType = 1;
			remoteGlobalIDString = 3FB032CA2BD6273A0029FABE;
			remoteInfo = Calendar;
		};
		3FB032EC2BD6273C0029FABE /* PBXContainerItemProxy */ = {
			isa = PBXContainerItemProxy;
			containerPortal = 3FB032C32BD6273A0029FABE /* Project object */;
			proxyType = 1;
			remoteGlobalIDString = 3FB032CA2BD6273A0029FABE;
			remoteInfo = Calendar;
		};
/* End PBXContainerItemProxy section */

/* Begin PBXFileReference section */
		3FB032CB2BD6273A0029FABE /* Calendar.app */ = {isa = PBXFileReference; explicitFileType = wrapper.application; includeInIndex = 0; path = Calendar.app; sourceTree = BUILT_PRODUCTS_DIR; };
		3FB032CE2BD6273A0029FABE /* AppDelegate.swift */ = {isa = PBXFileReference; lastKnownFileType = sourcecode.swift; path = AppDelegate.swift; sourceTree = "<group>"; };
		3FB032D02BD6273A0029FABE /* SceneDelegate.swift */ = {isa = PBXFileReference; lastKnownFileType = sourcecode.swift; path = SceneDelegate.swift; sourceTree = "<group>"; };
		3FB032D22BD6273A0029FABE /* ViewController.swift */ = {isa = PBXFileReference; lastKnownFileType = sourcecode.swift; path = ViewController.swift; sourceTree = "<group>"; };
		3FB032D52BD6273A0029FABE /* Base */ = {isa = PBXFileReference; lastKnownFileType = file.storyboard; name = Base; path = Base.lproj/Main.storyboard; sourceTree = "<group>"; };
		3FB032D72BD6273C0029FABE /* Assets.xcassets */ = {isa = PBXFileReference; lastKnownFileType = folder.assetcatalog; path = Assets.xcassets; sourceTree = "<group>"; };
		3FB032DA2BD6273C0029FABE /* Base */ = {isa = PBXFileReference; lastKnownFileType = file.storyboard; name = Base; path = Base.lproj/LaunchScreen.storyboard; sourceTree = "<group>"; };
		3FB032DC2BD6273C0029FABE /* Info.plist */ = {isa = PBXFileReference; lastKnownFileType = text.plist.xml; path = Info.plist; sourceTree = "<group>"; };
		3FB032E12BD6273C0029FABE /* CalendarTests.xctest */ = {isa = PBXFileReference; explicitFileType = wrapper.cfbundle; includeInIndex = 0; path = CalendarTests.xctest; sourceTree = BUILT_PRODUCTS_DIR; };
		3FB032E52BD6273C0029FABE /* CalendarTests.swift */ = {isa = PBXFileReference; lastKnownFileType = sourcecode.swift; path = CalendarTests.swift; sourceTree = "<group>"; };
		3FB032EB2BD6273C0029FABE /* CalendarUITests.xctest */ = {isa = PBXFileReference; explicitFileType = wrapper.cfbundle; includeInIndex = 0; path = CalendarUITests.xctest; sourceTree = BUILT_PRODUCTS_DIR; };
		3FB032EF2BD6273C0029FABE /* CalendarUITests.swift */ = {isa = PBXFileReference; lastKnownFileType = sourcecode.swift; path = CalendarUITests.swift; sourceTree = "<group>"; };
		3FB032F12BD6273C0029FABE /* CalendarUITestsLaunchTests.swift */ = {isa = PBXFileReference; lastKnownFileType = sourcecode.swift; path = CalendarUITestsLaunchTests.swift; sourceTree = "<group>"; };
/* End PBXFileReference section */

/* Begin PBXFrameworksBuildPhase section */
		3FB032C82BD6273A0029FABE /* Frameworks */ = {
			isa = PBXFrameworksBuildPhase;
			buildActionMask = 2147483647;
			files = (
			);
			runOnlyForDeploymentPostprocessing = 0;
		};
		3FB032DE2BD6273C0029FABE /* Frameworks */ = {
			isa = PBXFrameworksBuildPhase;
			buildActionMask = 2147483647;
			files = (
			);
			runOnlyForDeploymentPostprocessing = 0;
		};
		3FB032E82BD6273C0029FABE /* Frameworks */ = {
			isa = PBXFrameworksBuildPhase;
			buildActionMask = 2147483647;
			files = (
			);
			runOnlyForDeploymentPostprocessing = 0;
		};
/* End PBXFrameworksBuildPhase section */

/* Begin PBXGroup section */
		3FB032C22BD6273A0029FABE = {
			isa = PBXGroup;
			children = (
				3FB032CD2BD6273A0029FABE /* Calendar */,
				3FB032E42BD6273C0029FABE /* CalendarTests */,
				3FB032EE2BD6273C0029FABE /* CalendarUITests */,
				3FB032CC2BD6273A0029FABE /* Products */,
			);
			sourceTree = "<group>";
		};
		3FB032CC2BD6273A0029FABE /* Products */ = {
			isa = PBXGroup;
			children = (
				3FB032CB2BD6273A0029FABE /* Calendar.app */,
				3FB032E12BD6273C0029FABE /* CalendarTests.xctest */,
				3FB032EB2BD6273C0029FABE /* CalendarUITests.xctest */,
			);
			name = Products;
			sourceTree = "<group>";
		};
		3FB032CD2BD6273A0029FABE /* Calendar */ = {
			isa = PBXGroup;
			children = (
				3FB032CE2BD6273A0029FABE /* AppDelegate.swift */,
				3FB032D02BD6273A0029FABE /* SceneDelegate.swift */,
				3FB032D22BD6273A0029FABE /* ViewController.swift */,
				3FB032D42BD6273A0029FABE /* Main.storyboard */,
				3FB032D72BD6273C0029FABE /* Assets.xcassets */,
				3FB032D92BD6273C0029FABE /* LaunchScreen.storyboard */,
				3FB032DC2BD6273C0029FABE /* Info.plist */,
			);
			path = Calendar;
			sourceTree = "<group>";
		};
		3FB032E42BD6273C0029FABE /* CalendarTests */ = {
			isa = PBXGroup;
			children = (
				3FB032E52BD6273C0029FABE /* CalendarTests.swift */,
			);
			path = CalendarTests;
			sourceTree = "<group>";
		};
		3FB032EE2BD6273C0029FABE /* CalendarUITests */ = {
			isa = PBXGroup;
			children = (
				3FB032EF2BD6273C0029FABE /* CalendarUITests.swift */,
				3FB032F12BD6273C0029FABE /* CalendarUITestsLaunchTests.swift */,
			);
			path = CalendarUITests;
			sourceTree = "<group>";
		};
/* End PBXGroup section */

/* Begin PBXNativeTarget section */
		3FB032CA2BD6273A0029FABE /* Calendar */ = {
			isa = PBXNativeTarget;
			buildConfigurationList = 3FB032F52BD6273C0029FABE /* Build configuration list for PBXNativeTarget "Calendar" */;
			buildPhases = (
				3FB032C72BD6273A0029FABE /* Sources */,
				3FB032C82BD6273A0029FABE /* Frameworks */,
				3FB032C92BD6273A0029FABE /* Resources */,
			);
			buildRules = (
			);
			dependencies = (
			);
			name = Calendar;
			productName = Calendar;
			productReference = 3FB032CB2BD6273A0029FABE /* Calendar.app */;
			productType = "com.apple.product-type.application";
		};
		3FB032E02BD6273C0029FABE /* CalendarTests */ = {
			isa = PBXNativeTarget;
			buildConfigurationList = 3FB032F82BD6273C0029FABE /* Build configuration list for PBXNativeTarget "CalendarTests" */;
			buildPhases = (
				3FB032DD2BD6273C0029FABE /* Sources */,
				3FB032DE2BD6273C0029FABE /* Frameworks */,
				3FB032DF2BD6273C0029FABE /* Resources */,
			);
			buildRules = (
			);
			dependencies = (
				3FB032E32BD6273C0029FABE /* PBXTargetDependency */,
			);
			name = CalendarTests;
			productName = CalendarTests;
			productReference = 3FB032E12BD6273C0029FABE /* CalendarTests.xctest */;
			productType = "com.apple.product-type.bundle.unit-test";
		};
		3FB032EA2BD6273C0029FABE /* CalendarUITests */ = {
			isa = PBXNativeTarget;
			buildConfigurationList = 3FB032FB2BD6273C0029FABE /* Build configuration list for PBXNativeTarget "CalendarUITests" */;
			buildPhases = (
				3FB032E72BD6273C0029FABE /* Sources */,
				3FB032E82BD6273C0029FABE /* Frameworks */,
				3FB032E92BD6273C0029FABE /* Resources */,
			);
			buildRules = (
			);
			dependencies = (
				3FB032ED2BD6273C0029FABE /* PBXTargetDependency */,
			);
			name = CalendarUITests;
			productName = CalendarUITests;
			productReference = 3FB032EB2BD6273C0029FABE /* CalendarUITests.xctest */;
			productType = "com.apple.product-type.bundle.ui-testing";
		};
/* End PBXNativeTarget section */

/* Begin PBXProject section */
		3FB032C32BD6273A0029FABE /* Project object */ = {
			isa = PBXProject;
			attributes = {
				BuildIndependentTargetsInParallel = 1;
				LastSwiftUpdateCheck = 1530;
				LastUpgradeCheck = 1530;
				TargetAttributes = {
					3FB032CA2BD6273A0029FABE = {
						CreatedOnToolsVersion = 15.3;
					};
					3FB032E02BD6273C0029FABE = {
						CreatedOnToolsVersion = 15.3;
						TestTargetID = 3FB032CA2BD6273A0029FABE;
					};
					3FB032EA2BD6273C0029FABE = {
						CreatedOnToolsVersion = 15.3;
						TestTargetID = 3FB032CA2BD6273A0029FABE;
					};
				};
			};
			buildConfigurationList = 3FB032C62BD6273A0029FABE /* Build configuration list for PBXProject "Calendar" */;
			compatibilityVersion = "Xcode 14.0";
			developmentRegion = en;
			hasScannedForEncodings = 0;
			knownRegions = (
				en,
				Base,
			);
			mainGroup = 3FB032C22BD6273A0029FABE;
			productRefGroup = 3FB032CC2BD6273A0029FABE /* Products */;
			projectDirPath = "";
			projectRoot = "";
			targets = (
				3FB032CA2BD6273A0029FABE /* Calendar */,
				3FB032E02BD6273C0029FABE /* CalendarTests */,
				3FB032EA2BD6273C0029FABE /* CalendarUITests */,
			);
		};
/* End PBXProject section */

/* Begin PBXResourcesBuildPhase section */
		3FB032C92BD6273A0029FABE /* Resources */ = {
			isa = PBXResourcesBuildPhase;
			buildActionMask = 2147483647;
			files = (
				3FB032D82BD6273C0029FABE /* Assets.xcassets in Resources */,
				3FB032DB2BD6273C0029FABE /* Base in Resources */,
				3FB032D62BD6273A0029FABE /* Base in Resources */,
			);
			runOnlyForDeploymentPostprocessing = 0;
		};
		3FB032DF2BD6273C0029FABE /* Resources */ = {
			isa = PBXResourcesBuildPhase;
			buildActionMask = 2147483647;
			files = (
			);
			runOnlyForDeploymentPostprocessing = 0;
		};
		3FB032E92BD6273C0029FABE /* Resources */ = {
			isa = PBXResourcesBuildPhase;
			buildActionMask = 2147483647;
			files = (
			);
			runOnlyForDeploymentPostprocessing = 0;
		};
/* End PBXResourcesBuildPhase section */

/* Begin PBXSourcesBuildPhase section */
		3FB032C72BD6273A0029FABE /* Sources */ = {
			isa = PBXSourcesBuildPhase;
			buildActionMask = 2147483647;
			files = (
				3FB032D32BD6273A0029FABE /* ViewController.swift in Sources */,
				3FB032CF2BD6273A0029FABE /* AppDelegate.swift in Sources */,
				3FB032D12BD6273A0029FABE /* SceneDelegate.swift in Sources */,
			);
			runOnlyForDeploymentPostprocessing = 0;
		};
		3FB032DD2BD6273C0029FABE /* Sources */ = {
			isa = PBXSourcesBuildPhase;
			buildActionMask = 2147483647;
			files = (
				3FB032E62BD6273C0029FABE /* CalendarTests.swift in Sources */,
			);
			runOnlyForDeploymentPostprocessing = 0;
		};
		3FB032E72BD6273C0029FABE /* Sources */ = {
			isa = PBXSourcesBuildPhase;
			buildActionMask = 2147483647;
			files = (
				3FB032F22BD6273C0029FABE /* CalendarUITestsLaunchTests.swift in Sources */,
				3FB032F02BD6273C0029FABE /* CalendarUITests.swift in Sources */,
			);
			runOnlyForDeploymentPostprocessing = 0;
		};
/* End PBXSourcesBuildPhase section */

/* Begin PBXTargetDependency section */
		3FB032E32BD6273C0029FABE /* PBXTargetDependency */ = {
			isa = PBXTargetDependency;
			target = 3FB032CA2BD6273A0029FABE /* Calendar */;
			targetProxy = 3FB032E22BD6273C0029FABE /* PBXContainerItemProxy */;
		};
		3FB032ED2BD6273C0029FABE /* PBXTargetDependency */ = {
			isa = PBXTargetDependency;
			target = 3FB032CA2BD6273A0029FABE /* Calendar */;
			targetProxy = 3FB032EC2BD6273C0029FABE /* PBXContainerItemProxy */;
		};
/* End PBXTargetDependency section */

/* Begin PBXVariantGroup section */
		3FB032D42BD6273A0029FABE /* Main.storyboard */ = {
			isa = PBXVariantGroup;
			children = (
				3FB032D52BD6273A0029FABE /* Base */,
			);
			name = Main.storyboard;
			sourceTree = "<group>";
		};
		3FB032D92BD6273C0029FABE /* LaunchScreen.storyboard */ = {
			isa = PBXVariantGroup;
			children = (
				3FB032DA2BD6273C0029FABE /* Base */,
			);
			name = LaunchScreen.storyboard;
			sourceTree = "<group>";
		};
/* End PBXVariantGroup section */

/* Begin XCBuildConfiguration section */
		3FB032F32BD6273C0029FABE /* Debug */ = {
			isa = XCBuildConfiguration;
			buildSettings = {
				ALWAYS_SEARCH_USER_PATHS = NO;
				ASSETCATALOG_COMPILER_GENERATE_SWIFT_ASSET_SYMBOL_EXTENSIONS = YES;
				CLANG_ANALYZER_NONNULL = YES;
				CLANG_ANALYZER_NUMBER_OBJECT_CONVERSION = YES_AGGRESSIVE;
				CLANG_CXX_LANGUAGE_STANDARD = "gnu++20";
				CLANG_ENABLE_MODULES = YES;
				CLANG_ENABLE_OBJC_ARC = YES;
				CLANG_ENABLE_OBJC_WEAK = YES;
				CLANG_WARN_BLOCK_CAPTURE_AUTORELEASING = YES;
				CLANG_WARN_BOOL_CONVERSION = YES;
				CLANG_WARN_COMMA = YES;
				CLANG_WARN_CONSTANT_CONVERSION = YES;
				CLANG_WARN_DEPRECATED_OBJC_IMPLEMENTATIONS = YES;
				CLANG_WARN_DIRECT_OBJC_ISA_USAGE = YES_ERROR;
				CLANG_WARN_DOCUMENTATION_COMMENTS = YES;
				CLANG_WARN_EMPTY_BODY = YES;
				CLANG_WARN_ENUM_CONVERSION = YES;
				CLANG_WARN_INFINITE_RECURSION = YES;
				CLANG_WARN_INT_CONVERSION = YES;
				CLANG_WARN_NON_LITERAL_NULL_CONVERSION = YES;
				CLANG_WARN_OBJC_IMPLICIT_RETAIN_SELF = YES;
				CLANG_WARN_OBJC_LITERAL_CONVERSION = YES;
				CLANG_WARN_OBJC_ROOT_CLASS = YES_ERROR;
				CLANG_WARN_QUOTED_INCLUDE_IN_FRAMEWORK_HEADER = YES;
				CLANG_WARN_RANGE_LOOP_ANALYSIS = YES;
				CLANG_WARN_STRICT_PROTOTYPES = YES;
				CLANG_WARN_SUSPICIOUS_MOVE = YES;
				CLANG_WARN_UNGUARDED_AVAILABILITY = YES_AGGRESSIVE;
				CLANG_WARN_UNREACHABLE_CODE = YES;
				CLANG_WARN__DUPLICATE_METHOD_MATCH = YES;
				COPY_PHASE_STRIP = NO;
				DEBUG_INFORMATION_FORMAT = dwarf;
				ENABLE_STRICT_OBJC_MSGSEND = YES;
				ENABLE_TESTABILITY = YES;
				ENABLE_USER_SCRIPT_SANDBOXING = YES;
				GCC_C_LANGUAGE_STANDARD = gnu17;
				GCC_DYNAMIC_NO_PIC = NO;
				GCC_NO_COMMON_BLOCKS = YES;
				GCC_OPTIMIZATION_LEVEL = 0;
				GCC_PREPROCESSOR_DEFINITIONS = (
					"DEBUG=1",
					"$(inherited)",
				);
				GCC_WARN_64_TO_32_BIT_CONVERSION = YES;
				GCC_WARN_ABOUT_RETURN_TYPE = YES_ERROR;
				GCC_WARN_UNDECLARED_SELECTOR = YES;
				GCC_WARN_UNINITIALIZED_AUTOS = YES_AGGRESSIVE;
				GCC_WARN_UNUSED_FUNCTION = YES;
				GCC_WARN_UNUSED_VARIABLE = YES;
				IPHONEOS_DEPLOYMENT_TARGET = 17.4;
				LOCALIZATION_PREFERS_STRING_CATALOGS = YES;
				MTL_ENABLE_DEBUG_INFO = INCLUDE_SOURCE;
				MTL_FAST_MATH = YES;
				ONLY_ACTIVE_ARCH = YES;
				SDKROOT = iphoneos;
				SWIFT_ACTIVE_COMPILATION_CONDITIONS = "DEBUG $(inherited)";
				SWIFT_OPTIMIZATION_LEVEL = "-Onone";
			};
			name = Debug;
		};
		3FB032F42BD6273C0029FABE /* Release */ = {
			isa = XCBuildConfiguration;
			buildSettings = {
				ALWAYS_SEARCH_USER_PATHS = NO;
				ASSETCATALOG_COMPILER_GENERATE_SWIFT_ASSET_SYMBOL_EXTENSIONS = YES;
				CLANG_ANALYZER_NONNULL = YES;
				CLANG_ANALYZER_NUMBER_OBJECT_CONVERSION = YES_AGGRESSIVE;
				CLANG_CXX_LANGUAGE_STANDARD = "gnu++20";
				CLANG_ENABLE_MODULES = YES;
				CLANG_ENABLE_OBJC_ARC = YES;
				CLANG_ENABLE_OBJC_WEAK = YES;
				CLANG_WARN_BLOCK_CAPTURE_AUTORELEASING = YES;
				CLANG_WARN_BOOL_CONVERSION = YES;
				CLANG_WARN_COMMA = YES;
				CLANG_WARN_CONSTANT_CONVERSION = YES;
				CLANG_WARN_DEPRECATED_OBJC_IMPLEMENTATIONS = YES;
				CLANG_WARN_DIRECT_OBJC_ISA_USAGE = YES_ERROR;
				CLANG_WARN_DOCUMENTATION_COMMENTS = YES;
				CLANG_WARN_EMPTY_BODY = YES;
				CLANG_WARN_ENUM_CONVERSION = YES;
				CLANG_WARN_INFINITE_RECURSION = YES;
				CLANG_WARN_INT_CONVERSION = YES;
				CLANG_WARN_NON_LITERAL_NULL_CONVERSION = YES;
				CLANG_WARN_OBJC_IMPLICIT_RETAIN_SELF = YES;
				CLANG_WARN_OBJC_LITERAL_CONVERSION = YES;
				CLANG_WARN_OBJC_ROOT_CLASS = YES_ERROR;
				CLANG_WARN_QUOTED_INCLUDE_IN_FRAMEWORK_HEADER = YES;
				CLANG_WARN_RANGE_LOOP_ANALYSIS = YES;
				CLANG_WARN_STRICT_PROTOTYPES = YES;
				CLANG_WARN_SUSPICIOUS_MOVE = YES;
				CLANG_WARN_UNGUARDED_AVAILABILITY = YES_AGGRESSIVE;
				CLANG_WARN_UNREACHABLE_CODE = YES;
				CLANG_WARN__DUPLICATE_METHOD_MATCH = YES;
				COPY_PHASE_STRIP = NO;
				DEBUG_INFORMATION_FORMAT = "dwarf-with-dsym";
				ENABLE_NS_ASSERTIONS = NO;
				ENABLE_STRICT_OBJC_MSGSEND = YES;
				ENABLE_USER_SCRIPT_SANDBOXING = YES;
				GCC_C_LANGUAGE_STANDARD = gnu17;
				GCC_NO_COMMON_BLOCKS = YES;
				GCC_WARN_64_TO_32_BIT_CONVERSION = YES;
				GCC_WARN_ABOUT_RETURN_TYPE = YES_ERROR;
				GCC_WARN_UNDECLARED_SELECTOR = YES;
				GCC_WARN_UNINITIALIZED_AUTOS = YES_AGGRESSIVE;
				GCC_WARN_UNUSED_FUNCTION = YES;
				GCC_WARN_UNUSED_VARIABLE = YES;
				IPHONEOS_DEPLOYMENT_TARGET = 17.4;
				LOCALIZATION_PREFERS_STRING_CATALOGS = YES;
				MTL_ENABLE_DEBUG_INFO = NO;
				MTL_FAST_MATH = YES;
				SDKROOT = iphoneos;
				SWIFT_COMPILATION_MODE = wholemodule;
				VALIDATE_PRODUCT = YES;
			};
			name = Release;
		};
		3FB032F62BD6273C0029FABE /* Debug */ = {
			isa = XCBuildConfiguration;
			buildSettings = {
				ASSETCATALOG_COMPILER_APPICON_NAME = AppIcon;
				ASSETCATALOG_COMPILER_GLOBAL_ACCENT_COLOR_NAME = AccentColor;
				CODE_SIGN_STYLE = Automatic;
				CURRENT_PROJECT_VERSION = 1;
				GENERATE_INFOPLIST_FILE = YES;
				INFOPLIST_FILE = Calendar/Info.plist;
				INFOPLIST_KEY_UIApplicationSupportsIndirectInputEvents = YES;
				INFOPLIST_KEY_UILaunchStoryboardName = LaunchScreen;
				INFOPLIST_KEY_UIMainStoryboardFile = Main;
				INFOPLIST_KEY_UISupportedInterfaceOrientations_iPad = "UIInterfaceOrientationPortrait UIInterfaceOrientationPortraitUpsideDown UIInterfaceOrientationLandscapeLeft UIInterfaceOrientationLandscapeRight";
				INFOPLIST_KEY_UISupportedInterfaceOrientations_iPhone = "UIInterfaceOrientationPortrait UIInterfaceOrientationLandscapeLeft UIInterfaceOrientationLandscapeRight";
				LD_RUNPATH_SEARCH_PATHS = (
					"$(inherited)",
					"@executable_path/Frameworks",
				);
				MARKETING_VERSION = 1.0;
				PRODUCT_BUNDLE_IDENTIFIER = com.calender.Calendar;
				PRODUCT_NAME = "$(TARGET_NAME)";
				SWIFT_EMIT_LOC_STRINGS = YES;
				SWIFT_VERSION = 5.0;
				TARGETED_DEVICE_FAMILY = "1,2";
			};
			name = Debug;
		};
		3FB032F72BD6273C0029FABE /* Release */ = {
			isa = XCBuildConfiguration;
			buildSettings = {
				ASSETCATALOG_COMPILER_APPICON_NAME = AppIcon;
				ASSETCATALOG_COMPILER_GLOBAL_ACCENT_COLOR_NAME = AccentColor;
				CODE_SIGN_STYLE = Automatic;
				CURRENT_PROJECT_VERSION = 1;
				GENERATE_INFOPLIST_FILE = YES;
				INFOPLIST_FILE = Calendar/Info.plist;
				INFOPLIST_KEY_UIApplicationSupportsIndirectInputEvents = YES;
				INFOPLIST_KEY_UILaunchStoryboardName = LaunchScreen;
				INFOPLIST_KEY_UIMainStoryboardFile = Main;
				INFOPLIST_KEY_UISupportedInterfaceOrientations_iPad = "UIInterfaceOrientationPortrait UIInterfaceOrientationPortraitUpsideDown UIInterfaceOrientationLandscapeLeft UIInterfaceOrientationLandscapeRight";
				INFOPLIST_KEY_UISupportedInterfaceOrientations_iPhone = "UIInterfaceOrientationPortrait UIInterfaceOrientationLandscapeLeft UIInterfaceOrientationLandscapeRight";
				LD_RUNPATH_SEARCH_PATHS = (
					"$(inherited)",
					"@executable_path/Frameworks",
				);
				MARKETING_VERSION = 1.0;
				PRODUCT_BUNDLE_IDENTIFIER = com.calender.Calendar;
				PRODUCT_NAME = "$(TARGET_NAME)";
				SWIFT_EMIT_LOC_STRINGS = YES;
				SWIFT_VERSION = 5.0;
				TARGETED_DEVICE_FAMILY = "1,2";
			};
			name = Release;
		};
		3FB032F92BD6273C0029FABE /* Debug */ = {
			isa = XCBuildConfiguration;
			buildSettings = {
				ALWAYS_EMBED_SWIFT_STANDARD_LIBRARIES = YES;
				BUNDLE_LOADER = "$(TEST_HOST)";
				CODE_SIGN_STYLE = Automatic;
				CURRENT_PROJECT_VERSION = 1;
				GENERATE_INFOPLIST_FILE = YES;
				IPHONEOS_DEPLOYMENT_TARGET = 17.4;
				MARKETING_VERSION = 1.0;
				PRODUCT_BUNDLE_IDENTIFIER = com.calender.CalendarTests;
				PRODUCT_NAME = "$(TARGET_NAME)";
				SWIFT_EMIT_LOC_STRINGS = NO;
				SWIFT_VERSION = 5.0;
				TARGETED_DEVICE_FAMILY = "1,2";
				TEST_HOST = "$(BUILT_PRODUCTS_DIR)/Calendar.app/$(BUNDLE_EXECUTABLE_FOLDER_PATH)/Calendar";
			};
			name = Debug;
		};
		3FB032FA2BD6273C0029FABE /* Release */ = {
			isa = XCBuildConfiguration;
			buildSettings = {
				ALWAYS_EMBED_SWIFT_STANDARD_LIBRARIES = YES;
				BUNDLE_LOADER = "$(TEST_HOST)";
				CODE_SIGN_STYLE = Automatic;
				CURRENT_PROJECT_VERSION = 1;
				GENERATE_INFOPLIST_FILE = YES;
				IPHONEOS_DEPLOYMENT_TARGET = 17.4;
				MARKETING_VERSION = 1.0;
				PRODUCT_BUNDLE_IDENTIFIER = com.calender.CalendarTests;
				PRODUCT_NAME = "$(TARGET_NAME)";
				SWIFT_EMIT_LOC_STRINGS = NO;
				SWIFT_VERSION = 5.0;
				TARGETED_DEVICE_FAMILY = "1,2";
				TEST_HOST = "$(BUILT_PRODUCTS_DIR)/Calendar.app/$(BUNDLE_EXECUTABLE_FOLDER_PATH)/Calendar";
			};
			name = Release;
		};
		3FB032FC2BD6273C0029FABE /* Debug */ = {
			isa = XCBuildConfiguration;
			buildSettings = {
				ALWAYS_EMBED_SWIFT_STANDARD_LIBRARIES = YES;
				CODE_SIGN_STYLE = Automatic;
				CURRENT_PROJECT_VERSION = 1;
				GENERATE_INFOPLIST_FILE = YES;
				MARKETING_VERSION = 1.0;
				PRODUCT_BUNDLE_IDENTIFIER = com.calender.CalendarUITests;
				PRODUCT_NAME = "$(TARGET_NAME)";
				SWIFT_EMIT_LOC_STRINGS = NO;
				SWIFT_VERSION = 5.0;
				TARGETED_DEVICE_FAMILY = "1,2";
				TEST_TARGET_NAME = Calendar;
			};
			name = Debug;
		};
		3FB032FD2BD6273C0029FABE /* Release */ = {
			isa = XCBuildConfiguration;
			buildSettings = {
				ALWAYS_EMBED_SWIFT_STANDARD_LIBRARIES = YES;
				CODE_SIGN_STYLE = Automatic;
				CURRENT_PROJECT_VERSION = 1;
				GENERATE_INFOPLIST_FILE = YES;
				MARKETING_VERSION = 1.0;
				PRODUCT_BUNDLE_IDENTIFIER = com.calender.CalendarUITests;
				PRODUCT_NAME = "$(TARGET_NAME)";
				SWIFT_EMIT_LOC_STRINGS = NO;
				SWIFT_VERSION = 5.0;
				TARGETED_DEVICE_FAMILY = "1,2";
				TEST_TARGET_NAME = Calendar;
			};
			name = Release;
		};
/* End XCBuildConfiguration section */

/* Begin XCConfigurationList section */
		3FB032C62BD6273A0029FABE /* Build configuration list for PBXProject "Calendar" */ = {
			isa = XCConfigurationList;
			buildConfigurations = (
				3FB032F32BD6273C0029FABE /* Debug */,
				3FB032F42BD6273C0029FABE /* Release */,
			);
			defaultConfigurationIsVisible = 0;
			defaultConfigurationName = Release;
		};
		3FB032F52BD6273C0029FABE /* Build configuration list for PBXNativeTarget "Calendar" */ = {
			isa = XCConfigurationList;
			buildConfigurations = (
				3FB032F62BD6273C0029FABE /* Debug */,
				3FB032F72BD6273C0029FABE /* Release */,
			);
			defaultConfigurationIsVisible = 0;
			defaultConfigurationName = Release;
		};
		3FB032F82BD6273C0029FABE /* Build configuration list for PBXNativeTarget "CalendarTests" */ = {
			isa = XCConfigurationList;
			buildConfigurations = (
				3FB032F92BD6273C0029FABE /* Debug */,
				3FB032FA2BD6273C0029FABE /* Release */,
			);
			defaultConfigurationIsVisible = 0;
			defaultConfigurationName = Release;
		};
		3FB032FB2BD6273C0029FABE /* Build configuration list for PBXNativeTarget "CalendarUITests" */ = {
			isa = XCConfigurationList;
			buildConfigurations = (
				3FB032FC2BD6273C0029FABE /* Debug */,
				3FB032FD2BD6273C0029FABE /* Release */,
			);
			defaultConfigurationIsVisible = 0;
			defaultConfigurationName = Release;
		};
/* End XCConfigurationList section */
	};
	rootObject = 3FB032C32BD6273A0029FABE /* Project object */;
}
